
Microsoft Visual Studio Solution File, Format Version 12.00
# Visual Studio Version 16
VisualStudioVersion = 16.0.28803.352
MinimumVisualStudioVersion = 10.0.40219.1
Project("{FAE04EC0-301F-11D3-BF4B-00C04F79EFBC}") = "MineGameConsole", "MineGameConsole.csproj", "{D267B1C6-0E76-4A2B-916C-8417FF42A5B1}"
EndProject
Global
	GlobalSection(SolutionConfigurationPlatforms) = preSolution
		Debug|Any CPU = Debug|Any CPU
		Release|Any CPU = Release|Any CPU
	EndGlobalSection
	GlobalSection(ProjectConfigurationPlatforms) = postSolution
		{D267B1C6-0E76-4A2B-916C-8417FF42A5B1}.Debug|Any CPU.ActiveCfg = Debug|Any CPU
		{D267B1C6-0E76-4A2B-916C-8417FF42A5B1}.Debug|Any CPU.Build.0 = Debug|Any CPU
		{D267B1C6-0E76-4A2B-916C-8417FF42A5B1}.Release|Any CPU.ActiveCfg = Release|Any CPU
		{D267B1C6-0E76-4A2B-916C-8417FF42A5B1}.Release|Any CPU.Build.0 = Release|Any CPU
	EndGlobalSection
	GlobalSection(SolutionProperties) = preSolution
		HideSolutionNode = FALSE
	EndGlobalSection
	GlobalSection(ExtensibilityGlobals) = postSolution
		SolutionGuid = {89528069-6BDC-46E2-822E-B9817F9DFD49}
	EndGlobalSection
EndGlobal
